
Microsoft Visual Studio Solution File, Format Version 11.00
# Visual Studio 2010
Project("{FAE04EC0-301F-11D3-BF4B-00C04F79EFBC}") = "BrMobi.Core", "BrMobi.Core\BrMobi.Core.csproj", "{B9188177-E6BA-4C3A-A4BD-35035B8CD6AE}"
EndProject
Project("{FAE04EC0-301F-11D3-BF4B-00C04F79EFBC}") = "BrMobi.Web", "BrMobi.Web\BrMobi.Web.csproj", "{1294750C-2291-46B2-BA9B-04142FE9BC2D}"
EndProject
Project("{FAE04EC0-301F-11D3-BF4B-00C04F79EFBC}") = "BrMobi.Data", "BrMobi.Data\BrMobi.Data.csproj", "{1F36B821-B132-4B98-A108-087BDAA76F3F}"
EndProject
Project("{FAE04EC0-301F-11D3-BF4B-00C04F79EFBC}") = "BrMobi.ApplicationServices", "BrMobi.ApplicationServices\BrMobi.ApplicationServices.csproj", "{2C7A7091-0F60-4656-B0C5-BC739D5D2D9A}"
EndProject
Project("{FAE04EC0-301F-11D3-BF4B-00C04F79EFBC}") = "MemcachedProviders", "..\..\..\..\Desktop\Memcached-Providers-master\Memcached-Providers-master\src\MemcachedProviders\MemcachedProviders.csproj", "{B062D12C-EFB7-4CB5-B560-FB2387468E82}"
EndProject
Global
	GlobalSection(SolutionConfigurationPlatforms) = preSolution
		Debug|Any CPU = Debug|Any CPU
		Release|Any CPU = Release|Any CPU
	EndGlobalSection
	GlobalSection(ProjectConfigurationPlatforms) = postSolution
		{B9188177-E6BA-4C3A-A4BD-35035B8CD6AE}.Debug|Any CPU.ActiveCfg = Debug|Any CPU
		{B9188177-E6BA-4C3A-A4BD-35035B8CD6AE}.Debug|Any CPU.Build.0 = Debug|Any CPU
		{B9188177-E6BA-4C3A-A4BD-35035B8CD6AE}.Release|Any CPU.ActiveCfg = Release|Any CPU
		{B9188177-E6BA-4C3A-A4BD-35035B8CD6AE}.Release|Any CPU.Build.0 = Release|Any CPU
		{1294750C-2291-46B2-BA9B-04142FE9BC2D}.Debug|Any CPU.ActiveCfg = Debug|Any CPU
		{1294750C-2291-46B2-BA9B-04142FE9BC2D}.Debug|Any CPU.Build.0 = Debug|Any CPU
		{1294750C-2291-46B2-BA9B-04142FE9BC2D}.Release|Any CPU.ActiveCfg = Release|Any CPU
		{1294750C-2291-46B2-BA9B-04142FE9BC2D}.Release|Any CPU.Build.0 = Release|Any CPU
		{1F36B821-B132-4B98-A108-087BDAA76F3F}.Debug|Any CPU.ActiveCfg = Debug|Any CPU
		{1F36B821-B132-4B98-A108-087BDAA76F3F}.Debug|Any CPU.Build.0 = Debug|Any CPU
		{1F36B821-B132-4B98-A108-087BDAA76F3F}.Release|Any CPU.ActiveCfg = Release|Any CPU
		{1F36B821-B132-4B98-A108-087BDAA76F3F}.Release|Any CPU.Build.0 = Release|Any CPU
		{2C7A7091-0F60-4656-B0C5-BC739D5D2D9A}.Debug|Any CPU.ActiveCfg = Debug|Any CPU
		{2C7A7091-0F60-4656-B0C5-BC739D5D2D9A}.Debug|Any CPU.Build.0 = Debug|Any CPU
		{2C7A7091-0F60-4656-B0C5-BC739D5D2D9A}.Release|Any CPU.ActiveCfg = Release|Any CPU
		{2C7A7091-0F60-4656-B0C5-BC739D5D2D9A}.Release|Any CPU.Build.0 = Release|Any CPU
		{B062D12C-EFB7-4CB5-B560-FB2387468E82}.Debug|Any CPU.ActiveCfg = Debug|Any CPU
		{B062D12C-EFB7-4CB5-B560-FB2387468E82}.Debug|Any CPU.Build.0 = Debug|Any CPU
		{B062D12C-EFB7-4CB5-B560-FB2387468E82}.Release|Any CPU.ActiveCfg = Release|Any CPU
		{B062D12C-EFB7-4CB5-B560-FB2387468E82}.Release|Any CPU.Build.0 = Release|Any CPU
	EndGlobalSection
	GlobalSection(SolutionProperties) = preSolution
		HideSolutionNode = FALSE
	EndGlobalSection
EndGlobal
